// !$*UTF8*$!
{
	archiveVersion = 1;
	classes = {
	};
	objectVersion = 55;
	objects = {

/* Begin PBXBuildFile section */
		FDB234662813EBA80028DCE2 /* SwiftUIReduxDemoApp.swift in Sources */ = {isa = PBXBuildFile; fileRef = FDB234652813EBA80028DCE2 /* SwiftUIReduxDemoApp.swift */; };
		FDB234682813EBA80028DCE2 /* ContentView.swift in Sources */ = {isa = PBXBuildFile; fileRef = FDB234672813EBA80028DCE2 /* ContentView.swift */; };
		FDB2346A2813EBA90028DCE2 /* Assets.xcassets in Resources */ = {isa = PBXBuildFile; fileRef = FDB234692813EBA90028DCE2 /* Assets.xcassets */; };
		FDB2346D2813EBA90028DCE2 /* Preview Assets.xcassets in Resources */ = {isa = PBXBuildFile; fileRef = FDB2346C2813EBA90028DCE2 /* Preview Assets.xcassets */; };
		FDB234752813EBBD0028DCE2 /* SwiftUIRedux in Frameworks */ = {isa = PBXBuildFile; productRef = FDB234742813EBBD0028DCE2 /* SwiftUIRedux */; };
		FDB2347B2813EBFB0028DCE2 /* Store.swift in Sources */ = {isa = PBXBuildFile; fileRef = FDB234772813EBFB0028DCE2 /* Store.swift */; };
		FDB2347C2813EBFB0028DCE2 /* AppReducer.swift in Sources */ = {isa = PBXBuildFile; fileRef = FDB234782813EBFB0028DCE2 /* AppReducer.swift */; };
		FDB2347D2813EBFB0028DCE2 /* AppAction.swift in Sources */ = {isa = PBXBuildFile; fileRef = FDB234792813EBFB0028DCE2 /* AppAction.swift */; };
		FDB2347E2813EBFB0028DCE2 /* AppState.swift in Sources */ = {isa = PBXBuildFile; fileRef = FDB2347A2813EBFB0028DCE2 /* AppState.swift */; };
/* End PBXBuildFile section */

/* Begin PBXFileReference section */
		FDB234622813EBA80028DCE2 /* SwiftUIReduxDemo.app */ = {isa = PBXFileReference; explicitFileType = wrapper.application; includeInIndex = 0; path = SwiftUIReduxDemo.app; sourceTree = BUILT_PRODUCTS_DIR; };
		FDB234652813EBA80028DCE2 /* SwiftUIReduxDemoApp.swift */ = {isa = PBXFileReference; lastKnownFileType = sourcecode.swift; path = SwiftUIReduxDemoApp.swift; sourceTree = "<group>"; };
		FDB234672813EBA80028DCE2 /* ContentView.swift */ = {isa = PBXFileReference; lastKnownFileType = sourcecode.swift; path = ContentView.swift; sourceTree = "<group>"; };
		FDB234692813EBA90028DCE2 /* Assets.xcassets */ = {isa = PBXFileReference; lastKnownFileType = folder.assetcatalog; path = Assets.xcassets; sourceTree = "<group>"; };
		FDB2346C2813EBA90028DCE2 /* Preview Assets.xcassets */ = {isa = PBXFileReference; lastKnownFileType = folder.assetcatalog; path = "Preview Assets.xcassets"; sourceTree = "<group>"; };
		FDB234772813EBFB0028DCE2 /* Store.swift */ = {isa = PBXFileReference; fileEncoding = 4; lastKnownFileType = sourcecode.swift; path = Store.swift; sourceTree = "<group>"; };
		FDB234782813EBFB0028DCE2 /* AppReducer.swift */ = {isa = PBXFileReference; fileEncoding = 4; lastKnownFileType = sourcecode.swift; path = AppReducer.swift; sourceTree = "<group>"; };
		FDB234792813EBFB0028DCE2 /* AppAction.swift */ = {isa = PBXFileReference; fileEncoding = 4; lastKnownFileType = sourcecode.swift; path = AppAction.swift; sourceTree = "<group>"; };
		FDB2347A2813EBFB0028DCE2 /* AppState.swift */ = {isa = PBXFileReference; fileEncoding = 4; lastKnownFileType = sourcecode.swift; path = AppState.swift; sourceTree = "<group>"; };
/* End PBXFileReference section */

/* Begin PBXFrameworksBuildPhase section */
		FDB2345F2813EBA80028DCE2 /* Frameworks */ = {
			isa = PBXFrameworksBuildPhase;
			buildActionMask = 2147483647;
			files = (
				FDB234752813EBBD0028DCE2 /* SwiftUIRedux in Frameworks */,
			);
			runOnlyForDeploymentPostprocessing = 0;
		};
/* End PBXFrameworksBuildPhase section */

/* Begin PBXGroup section */
		FDB234592813EBA80028DCE2 = {
			isa = PBXGroup;
			children = (
				FDB234642813EBA80028DCE2 /* SwiftUIReduxDemo */,
				FDB234632813EBA80028DCE2 /* Products */,
			);
			sourceTree = "<group>";
		};
		FDB234632813EBA80028DCE2 /* Products */ = {
			isa = PBXGroup;
			children = (
				FDB234622813EBA80028DCE2 /* SwiftUIReduxDemo.app */,
			);
			name = Products;
			sourceTree = "<group>";
		};
		FDB234642813EBA80028DCE2 /* SwiftUIReduxDemo */ = {
			isa = PBXGroup;
			children = (
				FDB234762813EBEE0028DCE2 /* Redux */,
				FDB234652813EBA80028DCE2 /* SwiftUIReduxDemoApp.swift */,
				FDB234672813EBA80028DCE2 /* ContentView.swift */,
				FDB234692813EBA90028DCE2 /* Assets.xcassets */,
				FDB2346B2813EBA90028DCE2 /* Preview Content */,
			);
			path = SwiftUIReduxDemo;
			sourceTree = "<group>";
		};
		FDB2346B2813EBA90028DCE2 /* Preview Content */ = {
			isa = PBXGroup;
			children = (
				FDB2346C2813EBA90028DCE2 /* Preview Assets.xcassets */,
			);
			path = "Preview Content";
			sourceTree = "<group>";
		};
		FDB234762813EBEE0028DCE2 /* Redux */ = {
			isa = PBXGroup;
			children = (
				FDB234792813EBFB0028DCE2 /* AppAction.swift */,
				FDB234782813EBFB0028DCE2 /* AppReducer.swift */,
				FDB2347A2813EBFB0028DCE2 /* AppState.swift */,
				FDB234772813EBFB0028DCE2 /* Store.swift */,
			);
			path = Redux;
			sourceTree = "<group>";
		};
/* End PBXGroup section */

/* Begin PBXNativeTarget section */
		FDB234612813EBA80028DCE2 /* SwiftUIReduxDemo */ = {
			isa = PBXNativeTarget;
			buildConfigurationList = FDB234702813EBA90028DCE2 /* Build configuration list for PBXNativeTarget "SwiftUIReduxDemo" */;
			buildPhases = (
				FDB2345E2813EBA80028DCE2 /* Sources */,
				FDB2345F2813EBA80028DCE2 /* Frameworks */,
				FDB234602813EBA80028DCE2 /* Resources */,
			);
			buildRules = (
			);
			dependencies = (
			);
			name = SwiftUIReduxDemo;
			packageProductDependencies = (
				FDB234742813EBBD0028DCE2 /* SwiftUIRedux */,
			);
			productName = SwiftUIReduxDemo;
			productReference = FDB234622813EBA80028DCE2 /* SwiftUIReduxDemo.app */;
			productType = "com.apple.product-type.application";
		};
/* End PBXNativeTarget section */

/* Begin PBXProject section */
		FDB2345A2813EBA80028DCE2 /* Project object */ = {
			isa = PBXProject;
			attributes = {
				BuildIndependentTargetsInParallel = 1;
				LastSwiftUpdateCheck = 1330;
				LastUpgradeCheck = 1330;
				TargetAttributes = {
					FDB234612813EBA80028DCE2 = {
						CreatedOnToolsVersion = 13.3.1;
					};
				};
			};
			buildConfigurationList = FDB2345D2813EBA80028DCE2 /* Build configuration list for PBXProject "SwiftUIReduxDemo" */;
			compatibilityVersion = "Xcode 13.0";
			developmentRegion = en;
			hasScannedForEncodings = 0;
			knownRegions = (
				en,
				Base,
			);
			mainGroup = FDB234592813EBA80028DCE2;
			packageReferences = (
				FDB234732813EBBD0028DCE2 /* XCRemoteSwiftPackageReference "SwiftUIRedux" */,
			);
			productRefGroup = FDB234632813EBA80028DCE2 /* Products */;
			projectDirPath = "";
			projectRoot = "";
			targets = (
				FDB234612813EBA80028DCE2 /* SwiftUIReduxDemo */,
			);
		};
/* End PBXProject section */

/* Begin PBXResourcesBuildPhase section */
		FDB234602813EBA80028DCE2 /* Resources */ = {
			isa = PBXResourcesBuildPhase;
			buildActionMask = 2147483647;
			files = (
				FDB2346D2813EBA90028DCE2 /* Preview Assets.xcassets in Resources */,
				FDB2346A2813EBA90028DCE2 /* Assets.xcassets in Resources */,
			);
			runOnlyForDeploymentPostprocessing = 0;
		};
/* End PBXResourcesBuildPhase section */

/* Begin PBXSourcesBuildPhase section */
		FDB2345E2813EBA80028DCE2 /* Sources */ = {
			isa = PBXSourcesBuildPhase;
			buildActionMask = 2147483647;
			files = (
				FDB2347B2813EBFB0028DCE2 /* Store.swift in Sources */,
				FDB234682813EBA80028DCE2 /* ContentView.swift in Sources */,
				FDB2347D2813EBFB0028DCE2 /* AppAction.swift in Sources */,
				FDB2347E2813EBFB0028DCE2 /* AppState.swift in Sources */,
				FDB2347C2813EBFB0028DCE2 /* AppReducer.swift in Sources */,
				FDB234662813EBA80028DCE2 /* SwiftUIReduxDemoApp.swift in Sources */,
			);
			runOnlyForDeploymentPostprocessing = 0;
		};
/* End PBXSourcesBuildPhase section */

/* Begin XCBuildConfiguration section */
		FDB2346E2813EBA90028DCE2 /* Debug */ = {
			isa = XCBuildConfiguration;
			buildSettings = {
				ALWAYS_SEARCH_USER_PATHS = NO;
				CLANG_ANALYZER_NONNULL = YES;
				CLANG_ANALYZER_NUMBER_OBJECT_CONVERSION = YES_AGGRESSIVE;
				CLANG_CXX_LANGUAGE_STANDARD = "gnu++17";
				CLANG_ENABLE_MODULES = YES;
				CLANG_ENABLE_OBJC_ARC = YES;
				CLANG_ENABLE_OBJC_WEAK = YES;
				CLANG_WARN_BLOCK_CAPTURE_AUTORELEASING = YES;
				CLANG_WARN_BOOL_CONVERSION = YES;
				CLANG_WARN_COMMA = YES;
				CLANG_WARN_CONSTANT_CONVERSION = YES;
				CLANG_WARN_DEPRECATED_OBJC_IMPLEMENTATIONS = YES;
				CLANG_WARN_DIRECT_OBJC_ISA_USAGE = YES_ERROR;
				CLANG_WARN_DOCUMENTATION_COMMENTS = YES;
				CLANG_WARN_EMPTY_BODY = YES;
				CLANG_WARN_ENUM_CONVERSION = YES;
				CLANG_WARN_INFINITE_RECURSION = YES;
				CLANG_WARN_INT_CONVERSION = YES;
				CLANG_WARN_NON_LITERAL_NULL_CONVERSION = YES;
				CLANG_WARN_OBJC_IMPLICIT_RETAIN_SELF = YES;
				CLANG_WARN_OBJC_LITERAL_CONVERSION = YES;
				CLANG_WARN_OBJC_ROOT_CLASS = YES_ERROR;
				CLANG_WARN_QUOTED_INCLUDE_IN_FRAMEWORK_HEADER = YES;
				CLANG_WARN_RANGE_LOOP_ANALYSIS = YES;
				CLANG_WARN_STRICT_PROTOTYPES = YES;
				CLANG_WARN_SUSPICIOUS_MOVE = YES;
				CLANG_WARN_UNGUARDED_AVAILABILITY = YES_AGGRESSIVE;
				CLANG_WARN_UNREACHABLE_CODE = YES;
				CLANG_WARN__DUPLICATE_METHOD_MATCH = YES;
				COPY_PHASE_STRIP = NO;
				DEBUG_INFORMATION_FORMAT = dwarf;
				ENABLE_STRICT_OBJC_MSGSEND = YES;
				ENABLE_TESTABILITY = YES;
				GCC_C_LANGUAGE_STANDARD = gnu11;
				GCC_DYNAMIC_NO_PIC = NO;
				GCC_NO_COMMON_BLOCKS = YES;
				GCC_OPTIMIZATION_LEVEL = 0;
				GCC_PREPROCESSOR_DEFINITIONS = (
					"DEBUG=1",
					"$(inherited)",
				);
				GCC_WARN_64_TO_32_BIT_CONVERSION = YES;
				GCC_WARN_ABOUT_RETURN_TYPE = YES_ERROR;
				GCC_WARN_UNDECLARED_SELECTOR = YES;
				GCC_WARN_UNINITIALIZED_AUTOS = YES_AGGRESSIVE;
				GCC_WARN_UNUSED_FUNCTION = YES;
				GCC_WARN_UNUSED_VARIABLE = YES;
				IPHONEOS_DEPLOYMENT_TARGET = 15.4;
				MTL_ENABLE_DEBUG_INFO = INCLUDE_SOURCE;
				MTL_FAST_MATH = YES;
				ONLY_ACTIVE_ARCH = YES;
				SDKROOT = iphoneos;
				SWIFT_ACTIVE_COMPILATION_CONDITIONS = DEBUG;
				SWIFT_OPTIMIZATION_LEVEL = "-Onone";
			};
			name = Debug;
		};
		FDB2346F2813EBA90028DCE2 /* Release */ = {
			isa = XCBuildConfiguration;
			buildSettings = {
				ALWAYS_SEARCH_USER_PATHS = NO;
				CLANG_ANALYZER_NONNULL = YES;
				CLANG_ANALYZER_NUMBER_OBJECT_CONVERSION = YES_AGGRESSIVE;
				CLANG_CXX_LANGUAGE_STANDARD = "gnu++17";
				CLANG_ENABLE_MODULES = YES;
				CLANG_ENABLE_OBJC_ARC = YES;
				CLANG_ENABLE_OBJC_WEAK = YES;
				CLANG_WARN_BLOCK_CAPTURE_AUTORELEASING = YES;
				CLANG_WARN_BOOL_CONVERSION = YES;
				CLANG_WARN_COMMA = YES;
				CLANG_WARN_CONSTANT_CONVERSION = YES;
				CLANG_WARN_DEPRECATED_OBJC_IMPLEMENTATIONS = YES;
				CLANG_WARN_DIRECT_OBJC_ISA_USAGE = YES_ERROR;
				CLANG_WARN_DOCUMENTATION_COMMENTS = YES;
				CLANG_WARN_EMPTY_BODY = YES;
				CLANG_WARN_ENUM_CONVERSION = YES;
				CLANG_WARN_INFINITE_RECURSION = YES;
				CLANG_WARN_INT_CONVERSION = YES;
				CLANG_WARN_NON_LITERAL_NULL_CONVERSION = YES;
				CLANG_WARN_OBJC_IMPLICIT_RETAIN_SELF = YES;
				CLANG_WARN_OBJC_LITERAL_CONVERSION = YES;
				CLANG_WARN_OBJC_ROOT_CLASS = YES_ERROR;
				CLANG_WARN_QUOTED_INCLUDE_IN_FRAMEWORK_HEADER = YES;
				CLANG_WARN_RANGE_LOOP_ANALYSIS = YES;
				CLANG_WARN_STRICT_PROTOTYPES = YES;
				CLANG_WARN_SUSPICIOUS_MOVE = YES;
				CLANG_WARN_UNGUARDED_AVAILABILITY = YES_AGGRESSIVE;
				CLANG_WARN_UNREACHABLE_CODE = YES;
				CLANG_WARN__DUPLICATE_METHOD_MATCH = YES;
				COPY_PHASE_STRIP = NO;
				DEBUG_INFORMATION_FORMAT = "dwarf-with-dsym";
				ENABLE_NS_ASSERTIONS = NO;
				ENABLE_STRICT_OBJC_MSGSEND = YES;
				GCC_C_LANGUAGE_STANDARD = gnu11;
				GCC_NO_COMMON_BLOCKS = YES;
				GCC_WARN_64_TO_32_BIT_CONVERSION = YES;
				GCC_WARN_ABOUT_RETURN_TYPE = YES_ERROR;
				GCC_WARN_UNDECLARED_SELECTOR = YES;
				GCC_WARN_UNINITIALIZED_AUTOS = YES_AGGRESSIVE;
				GCC_WARN_UNUSED_FUNCTION = YES;
				GCC_WARN_UNUSED_VARIABLE = YES;
				IPHONEOS_DEPLOYMENT_TARGET = 15.4;
				MTL_ENABLE_DEBUG_INFO = NO;
				MTL_FAST_MATH = YES;
				SDKROOT = iphoneos;
				SWIFT_COMPILATION_MODE = wholemodule;
				SWIFT_OPTIMIZATION_LEVEL = "-O";
				VALIDATE_PRODUCT = YES;
			};
			name = Release;
		};
		FDB234712813EBA90028DCE2 /* Debug */ = {
			isa = XCBuildConfiguration;
			buildSettings = {
				ASSETCATALOG_COMPILER_APPICON_NAME = AppIcon;
				ASSETCATALOG_COMPILER_GLOBAL_ACCENT_COLOR_NAME = AccentColor;
				CODE_SIGN_STYLE = Automatic;
				CURRENT_PROJECT_VERSION = 1;
				DEVELOPMENT_ASSET_PATHS = "\"SwiftUIReduxDemo/Preview Content\"";
				ENABLE_PREVIEWS = YES;
				GENERATE_INFOPLIST_FILE = YES;
				INFOPLIST_KEY_UIApplicationSceneManifest_Generation = YES;
				INFOPLIST_KEY_UIApplicationSupportsIndirectInputEvents = YES;
				INFOPLIST_KEY_UILaunchScreen_Generation = YES;
				INFOPLIST_KEY_UISupportedInterfaceOrientations_iPad = "UIInterfaceOrientationPortrait UIInterfaceOrientationPortraitUpsideDown UIInterfaceOrientationLandscapeLeft UIInterfaceOrientationLandscapeRight";
				INFOPLIST_KEY_UISupportedInterfaceOrientations_iPhone = "UIInterfaceOrientationPortrait UIInterfaceOrientationLandscapeLeft UIInterfaceOrientationLandscapeRight";
				LD_RUNPATH_SEARCH_PATHS = (
					"$(inherited)",
					"@executable_path/Frameworks",
				);
				MARKETING_VERSION = 1.0;
				PRODUCT_BUNDLE_IDENTIFIER = com.lebron.SwiftUIReduxDemo;
				PRODUCT_NAME = "$(TARGET_NAME)";
				SWIFT_EMIT_LOC_STRINGS = YES;
				SWIFT_VERSION = 5.0;
				TARGETED_DEVICE_FAMILY = "1,2";
			};
			name = Debug;
		};
		FDB234722813EBA90028DCE2 /* Release */ = {
			isa = XCBuildConfiguration;
			buildSettings = {
				ASSETCATALOG_COMPILER_APPICON_NAME = AppIcon;
				ASSETCATALOG_COMPILER_GLOBAL_ACCENT_COLOR_NAME = AccentColor;
				CODE_SIGN_STYLE = Automatic;
				CURRENT_PROJECT_VERSION = 1;
				DEVELOPMENT_ASSET_PATHS = "\"SwiftUIReduxDemo/Preview Content\"";
				ENABLE_PREVIEWS = YES;
				GENERATE_INFOPLIST_FILE = YES;
				INFOPLIST_KEY_UIApplicationSceneManifest_Generation = YES;
				INFOPLIST_KEY_UIApplicationSupportsIndirectInputEvents = YES;
				INFOPLIST_KEY_UILaunchScreen_Generation = YES;
				INFOPLIST_KEY_UISupportedInterfaceOrientations_iPad = "UIInterfaceOrientationPortrait UIInterfaceOrientationPortraitUpsideDown UIInterfaceOrientationLandscapeLeft UIInterfaceOrientationLandscapeRight";
				INFOPLIST_KEY_UISupportedInterfaceOrientations_iPhone = "UIInterfaceOrientationPortrait UIInterfaceOrientationLandscapeLeft UIInterfaceOrientationLandscapeRight";
				LD_RUNPATH_SEARCH_PATHS = (
					"$(inherited)",
					"@executable_path/Frameworks",
				);
				MARKETING_VERSION = 1.0;
				PRODUCT_BUNDLE_IDENTIFIER = com.lebron.SwiftUIReduxDemo;
				PRODUCT_NAME = "$(TARGET_NAME)";
				SWIFT_EMIT_LOC_STRINGS = YES;
				SWIFT_VERSION = 5.0;
				TARGETED_DEVICE_FAMILY = "1,2";
			};
			name = Release;
		};
/* End XCBuildConfiguration section */

/* Begin XCConfigurationList section */
		FDB2345D2813EBA80028DCE2 /* Build configuration list for PBXProject "SwiftUIReduxDemo" */ = {
			isa = XCConfigurationList;
			buildConfigurations = (
				FDB2346E2813EBA90028DCE2 /* Debug */,
				FDB2346F2813EBA90028DCE2 /* Release */,
			);
			defaultConfigurationIsVisible = 0;
			defaultConfigurationName = Release;
		};
		FDB234702813EBA90028DCE2 /* Build configuration list for PBXNativeTarget "SwiftUIReduxDemo" */ = {
			isa = XCConfigurationList;
			buildConfigurations = (
				FDB234712813EBA90028DCE2 /* Debug */,
				FDB234722813EBA90028DCE2 /* Release */,
			);
			defaultConfigurationIsVisible = 0;
			defaultConfigurationName = Release;
		};
/* End XCConfigurationList section */

/* Begin XCRemoteSwiftPackageReference section */
		FDB234732813EBBD0028DCE2 /* XCRemoteSwiftPackageReference "SwiftUIRedux" */ = {
			isa = XCRemoteSwiftPackageReference;
			repositoryURL = "https://github.com/Lebron1992/SwiftUIRedux.git";
			requirement = {
				kind = upToNextMajorVersion;
				minimumVersion = 0.0.8;
			};
		};
/* End XCRemoteSwiftPackageReference section */

/* Begin XCSwiftPackageProductDependency section */
		FDB234742813EBBD0028DCE2 /* SwiftUIRedux */ = {
			isa = XCSwiftPackageProductDependency;
			package = FDB234732813EBBD0028DCE2 /* XCRemoteSwiftPackageReference "SwiftUIRedux" */;
			productName = SwiftUIRedux;
		};
/* End XCSwiftPackageProductDependency section */
	};
	rootObject = FDB2345A2813EBA80028DCE2 /* Project object */;
}
